# This file is autogenerated, do not edit; changes may be undone by the next 'dep ensure'.


[[projects]]
  digest = "1:5d3e23515e7916c152cc665eda0f7eaf6fdf8fdfe7c3dbac97049bcbd649b33f"
  name = "github.com/Knetic/govaluate"
  packages = ["."]
  pruneopts = "UT"
  revision = "d216395917cc49052c7c7094cf57f09657ca08a8"
  version = "v3.0.0"

[[projects]]
  digest = "1:c9a6803b8b14295b9ec5bf145bba2de6741509717687df47442282a71834c493"
  name = "github.com/casbin/casbin"
  packages = [
    ".",
    "config",
    "effect",
    "log",
    "model",
    "persist",
    "persist/file-adapter",
    "rbac",
    "rbac/default-role-manager",
    "util",
  ]
  pruneopts = "UT"
  revision = "4aa316fb68d44d4cc5ddd98d7e9ec80bc0a8b081"
  version = "v1.8.1"

[[projects]]
  digest = "1:7e09ab6aff4f926ecb6b0d55ef85b1b5ebcfb5879bb6e5829405f2b5d988d55a"
  name = "github.com/cheggaaa/pb"
  packages = ["."]
  pruneopts = "UT"
  revision = "73ae1d68fe0bd482ab11913a9828634f795b987f"

[[projects]]
  digest = "1:21a25b0ddd31eb583325b9074ffc886f9087d7c497abe3c4c961052675ea34c4"
  name = "github.com/coreos/etcd"
  packages = [
    "auth/authpb",
    "clientv3",
    "clientv3/balancer",
    "clientv3/balancer/picker",
    "clientv3/balancer/resolver/endpoint",
    "etcdserver/api/v3rpc/rpctypes",
    "etcdserver/etcdserverpb",
    "mvcc/mvccpb",
    "pkg/logutil",
    "pkg/systemd",
    "pkg/types",
    "raft",
    "raft/raftpb",
  ]
  pruneopts = "UT"
  revision = "e4425ee79f2ff09d482c7e3ead6d11a6df1c9dd8"

[[projects]]
  digest = "1:bcf36df8d43860bfde913d008301aef27c6e9a303582118a837c4a34c0d18167"
  name = "github.com/coreos/go-systemd"
  packages = ["journal"]
  pruneopts = "UT"
  revision = "95778dfbb74eb7e4dbaf43bf7d71809650ef8076"
  version = "v19"

[[projects]]
  digest = "1:39ff4d4d6baca1ac63c6a03404b761d664be14a71bb5a4aca8fef643d0f66fef"
  name = "github.com/coreos/pkg"
  packages = ["capnslog"]
  pruneopts = "UT"
  revision = "97fdf19511ea361ae1c100dd393cc47f8dcfa1e1"
  version = "v4"

[[projects]]
  digest = "1:dd39e40faa3d7a12ce2b930efbe954a45e8f91a87e2adf5d8654ccb6137c4ab2"
  name = "github.com/dgrijalva/jwt-go"
  packages = ["."]
  pruneopts = "UT"
  revision = "01aeca54ebda6e0fbfafd0a524d234159c05ec20"

[[projects]]
  digest = "1:6f9339c912bbdda81302633ad7e99a28dfa5a639c864061f1929510a9a64aa74"
  name = "github.com/dustin/go-humanize"
  packages = ["."]
  pruneopts = "UT"
  revision = "9f541cc9db5d55bce703bd99987c9d5cb8eea45e"
  version = "v1.0.0"

[[projects]]
  digest = "1:af43bdaaf86655a2343f113e9b293bbc16b12099eaeb223982bbe4d4c22ba14d"
  name = "github.com/fatih/structs"
  packages = ["."]
  pruneopts = "UT"
  revision = "4966fc68f5b7593aafa6cbbba2d65ec6e1416047"
  version = "v1.1.0"

[[projects]]
  digest = "1:2b59aca2665ff804f6606c8829eaee133ddd3aefbc841014660d961b0034f888"
  name = "github.com/gin-contrib/cors"
  packages = ["."]
  pruneopts = "UT"
  revision = "cf4846e6a636a76237a28d9286f163c132e841bc"
  version = "v1.2"

[[projects]]
  digest = "1:36fe9527deed01d2a317617e59304eb2c4ce9f8a24115bcc5c2e37b3aee5bae4"
  name = "github.com/gin-contrib/sse"
  packages = ["."]
  pruneopts = "UT"
  revision = "22d885f9ecc78bf4ee5d72b937e4bbcdc58e8cae"

[[projects]]
  digest = "1:d5083934eb25e45d17f72ffa86cae3814f4a9d6c073c4f16b64147169b245606"
  name = "github.com/gin-gonic/gin"
  packages = [
    ".",
    "binding",
    "json",
    "render",
  ]
  pruneopts = "UT"
  revision = "b869fe1415e4b9eb52f247441830d502aece2d4d"
  version = "v1.3.0"

[[projects]]
  digest = "1:4652941215f23c7ad6546bab86964c72248a1134baa53f0df618661344ba5cac"
  name = "github.com/gogo/protobuf"
  packages = [
    "gogoproto",
    "proto",
    "protoc-gen-gogo/descriptor",
  ]
  pruneopts = "UT"
  revision = "ba06b47c162d49f2af050fb4c75bcbc86a159d5c"
  version = "v1.2.1"

[[projects]]
  branch = "master"
  digest = "1:239c4c7fd2159585454003d9be7207167970194216193a8a210b8d29576f19c9"
  name = "github.com/golang/protobuf"
  packages = [
    "proto",
    "ptypes",
    "ptypes/any",
    "ptypes/duration",
    "ptypes/timestamp",
  ]
  pruneopts = "UT"
  revision = "d3c38a4eb4970272b87a425ae00ccc4548e2f9bb"

[[projects]]
  digest = "1:c79fb010be38a59d657c48c6ba1d003a8aa651fa56b579d959d74573b7dff8e1"
  name = "github.com/gorilla/context"
  packages = ["."]
  pruneopts = "UT"
  revision = "08b5f424b9271eedf6f9f0ce86cb9396ed337a42"
  version = "v1.1.1"

[[projects]]
  digest = "1:e72d1ebb8d395cf9f346fd9cbc652e5ae222dd85e0ac842dc57f175abed6d195"
  name = "github.com/gorilla/securecookie"
  packages = ["."]
  pruneopts = "UT"
  revision = "e59506cc896acb7f7bf732d4fdf5e25f7ccd8983"
  version = "v1.1.1"

[[projects]]
  digest = "1:e5bf52fd66a2e984b57b4c0f2c4ee024ed749a19886246240629998dc0cf31ce"
  name = "github.com/gorilla/sessions"
  packages = ["."]
  pruneopts = "UT"
  revision = "f57b7e2d29c6211d16ffa52a0998272f75799030"
  version = "v1.1.3"

[[projects]]
  digest = "1:7b5c6e2eeaa9ae5907c391a91c132abfd5c9e8a784a341b5625e750c67e6825d"
  name = "github.com/gorilla/websocket"
  packages = ["."]
  pruneopts = "UT"
  revision = "66b9c49e59c6c48f0ffce28c2d8b8a5678502c6d"
  version = "v1.4.0"

[[projects]]
  digest = "1:f11ab206621794e7021bbb6d1bb26e82fd12a8893740805db14bdce4b4abe566"
  name = "github.com/grpc-ecosystem/go-grpc-middleware"
  packages = ["util/backoffutils"]
  pruneopts = "UT"
  revision = "c250d6563d4d4c20252cd865923440e829844f4e"
  version = "v1.0.0"

[[projects]]
  digest = "1:6c41d4f998a03b6604227ccad36edaed6126c397e5d78709ef4814a1145a6757"
  name = "github.com/jmoiron/sqlx"
  packages = [
    ".",
    "reflectx",
  ]
  pruneopts = "UT"
  revision = "d161d7a76b5661016ad0b085869f77fd410f3e6a"
  version = "v1.2.0"

[[projects]]
  digest = "1:be97e109f627d3ba8edfef50c9c74f0d0c17cbe3a2e924a8985e4804a894f282"
  name = "github.com/json-iterator/go"
  packages = ["."]
  pruneopts = "UT"
  revision = "36b14963da70d11297d313183d7e6388c8510e1e"
  version = "1.0.0"

[[projects]]
  digest = "1:31e761d97c76151dde79e9d28964a812c46efc5baee4085b86f68f0c654450de"
  name = "github.com/konsorten/go-windows-terminal-sequences"
  packages = ["."]
  pruneopts = "UT"
  revision = "f55edac94c9bbba5d6182a4be46d86a2c9b5b50e"
  version = "v1.0.2"

[[projects]]
  digest = "1:8ef506fc2bb9ced9b151dafa592d4046063d744c646c1bbe801982ce87e4bc24"
  name = "github.com/lib/pq"
  packages = [
    ".",
    "oid",
  ]
  pruneopts = "UT"
  revision = "4ded0e9383f75c197b3a2aaa6d590ac52df6fd79"
  version = "v1.0.0"

[[projects]]
  digest = "1:fa610f9fe6a93f4a75e64c83673dfff9bf1a34bbb21e6102021b6bc7850834a3"
  name = "github.com/mattn/go-isatty"
  packages = ["."]
  pruneopts = "UT"
  revision = "57fdcb988a5c543893cc61bce354a6e24ab70022"

[[projects]]
  branch = "master"
  digest = "1:7c6f51cee514511efc95194cc42d75d9c33b5daf19c346eddb53e82abed60065"
  name = "github.com/minio/minio"
  packages = [
    "pkg/auth",
    "pkg/cpu",
    "pkg/disk",
    "pkg/madmin",
    "pkg/mem",
    "pkg/quick",
    "pkg/safe",
  ]
  pruneopts = "UT"
  revision = "dd1d69ab5c2ce3a5900afb481b8b755cf8e815ab"

[[projects]]
  digest = "1:6ba66f03111502dabffa57fd48cbb938f14233ae1d7f32c7c2f6f986825e59d6"
  name = "github.com/minio/minio-go"
  packages = [
    ".",
    "pkg/credentials",
    "pkg/encrypt",
    "pkg/s3signer",
    "pkg/s3utils",
    "pkg/set",
  ]
  pruneopts = "UT"
  revision = "a937bac96010803c5460f117490b21f96151c796"
  version = "v6.0.21"

[[projects]]
  digest = "1:e193fe95dfeaa09e6dfebd21e6485ca2919b5ea4f42c6ef14cfa5c73fc3ab120"
  name = "github.com/minio/sha256-simd"
  packages = ["."]
  pruneopts = "UT"
  revision = "43ed500fe4d485d97534014d9f98521216240002"

[[projects]]
  digest = "1:2ba0ad6f60fa5890e56dfffd3c168c3475263671a678ddb97be07492176d528e"
  name = "github.com/minio/sio"
  packages = [
    ".",
    "internal/cpu",
  ]
  pruneopts = "UT"
  revision = "b421622190be1ffb4569c7303ed1b7bef201a7c3"

[[projects]]
  digest = "1:5d231480e1c64a726869bc4142d270184c419749d34f167646baa21008eb0a79"
  name = "github.com/mitchellh/go-homedir"
  packages = ["."]
  pruneopts = "UT"
  revision = "af06845cf3004701891bf4fdb884bfe4920b3727"
  version = "v1.1.0"

[[projects]]
  digest = "1:2ca73053216eb11c8eea2855c8099ad82773638522f91cc0542ec9759163ff3c"
  name = "github.com/nats-io/go-nats"
  packages = [
    ".",
    "encoders/builtin",
    "util",
  ]
  pruneopts = "UT"
  revision = "70fe06cee50d4b6f98248d9675fb55f2a3aa7228"
  version = "v1.7.2"

[[projects]]
  digest = "1:0b5d91120efc54504bc253fda90b08c4be88cd78a4023ef60019e95bb0cdc136"
  name = "github.com/nats-io/nkeys"
  packages = ["."]
  pruneopts = "UT"
  revision = "1546a3320a8f195a5b5c84aef8309377c2e411d5"
  version = "v0.0.2"

[[projects]]
  digest = "1:c3cd663f2f30b92536b9f290ac85c6310dae36a14cb8961553ae9ccf0d85ae41"
  name = "github.com/nats-io/nuid"
  packages = ["."]
  pruneopts = "UT"
  revision = "289cccf02c178dc782430d534e3c1f5b72af807f"
  version = "v1.0.0"

[[projects]]
  digest = "1:274f67cb6fed9588ea2521ecdac05a6d62a8c51c074c1fccc6a49a40ba80e925"
  name = "github.com/satori/go.uuid"
  packages = ["."]
  pruneopts = "UT"
  revision = "f58768cc1a7a7e77a3bd49e98cdd21419399b6a3"
  version = "v1.2.0"

[[projects]]
  digest = "1:e4c72127d910a96daf869a44f3dd563b86dbe6931a172863a0e99c5ff04b59e4"
  name = "github.com/sirupsen/logrus"
  packages = ["."]
  pruneopts = "UT"
  revision = "dae0fa8d5b0c810a8ab733fbd5510c7cae84eca4"
  version = "v1.4.0"

[[projects]]
  branch = "master"
  digest = "1:0ccfcfecda83aba3a57cb542391017faa0c7df81c6933acdce19fae8462dd489"
  name = "github.com/tealeg/xlsx"
  packages = ["."]
  pruneopts = "UT"
  revision = "dbf71b6a931e7096340690e009e40c914eb1fc3a"

[[projects]]
  digest = "1:af00cfacf37413a3eee137e7f5b38e86b22496964f1f2b31e8fd88efd23e8c32"
  name = "github.com/tidwall/gjson"
  packages = ["."]
  pruneopts = "UT"
  revision = "081192fa2e471ddff3ec98a3cc04fecfd031ed57"
  version = "v1.1.4"

[[projects]]
  digest = "1:8453ddbed197809ee8ca28b06bd04e127bec9912deb4ba451fea7a1eca578328"
  name = "github.com/tidwall/match"
  packages = ["."]
  pruneopts = "UT"
  revision = "33827db735fff6510490d69a8622612558a557ed"
  version = "v1.0.1"

[[projects]]
  digest = "1:c268acaa4a4d94a467980e5e91452eb61c460145765293dc0aed48e5e9919cc6"
  name = "github.com/ugorji/go"
  packages = ["codec"]
  pruneopts = "UT"
  revision = "c88ee250d0221a57af388746f5cf03768c21d6e2"

[[projects]]
  digest = "1:777e729b475d3895c7229552aa10076f0d177daf37c0a72258006d046d329960"
  name = "go.uber.org/atomic"
  packages = ["."]
  pruneopts = "UT"
  revision = "4e336646b2ef9fc6e47be8e21594178f98e5ebcf"
  version = "v1.2.0"

[[projects]]
  digest = "1:60bf2a5e347af463c42ed31a493d817f8a72f102543060ed992754e689805d1a"
  name = "go.uber.org/multierr"
  packages = ["."]
  pruneopts = "UT"
  revision = "3c4937480c32f4c13a875a1829af76c98ca3d40a"
  version = "v1.1.0"

[[projects]]
  digest = "1:c52caf7bd44f92e54627a31b85baf06a68333a196b3d8d241480a774733dcf8b"
  name = "go.uber.org/zap"
  packages = [
    ".",
    "buffer",
    "internal/bufferpool",
    "internal/color",
    "internal/exit",
    "zapcore",
  ]
  pruneopts = "UT"
  revision = "ff33455a0e382e8a81d14dd7c922020b6b5e7982"
  version = "v1.9.1"

[[projects]]
  branch = "master"
  digest = "1:d0ca3b0238c2b678fe904034fd163ed8554a3b63f08c5abaf6052fdf9e1c6b1e"
  name = "golang.org/x/crypto"
  packages = [
    "argon2",
    "bcrypt",
    "blake2b",
    "blowfish",
    "chacha20poly1305",
    "ed25519",
    "ed25519/internal/edwards25519",
    "internal/chacha20",
    "internal/subtle",
    "poly1305",
    "ssh/terminal",
  ]
  pruneopts = "UT"
  revision = "a5d413f7728c81fb97d96a2b722368945f651e78"

[[projects]]
  branch = "master"
  digest = "1:59998dd9952ee93bdf0b589c20380484ebe88b7a9063eaa8619d48e5f9033714"
  name = "golang.org/x/net"
  packages = [
    "context",
    "http/httpguts",
    "http2",
    "http2/hpack",
    "idna",
    "internal/timeseries",
    "publicsuffix",
    "trace",
  ]
  pruneopts = "UT"
  revision = "74de082e2cca95839e88aa0aeee5aadf6ce7710f"

[[projects]]
  branch = "master"
  digest = "1:30d79a7786136afb612559f0f18766abef329ee1bdde840e696d7fcf869211d1"
  name = "golang.org/x/sys"
  packages = [
    "cpu",
    "unix",
    "windows",
  ]
  pruneopts = "UT"
  revision = "9eb1bfa1ce65ae8a6ff3114b0aaf9a41a6cf3560"

[[projects]]
  digest = "1:a2ab62866c75542dd18d2b069fec854577a20211d7c0ea6ae746072a1dccdd18"
  name = "golang.org/x/text"
  packages = [
    "collate",
    "collate/build",
    "internal/colltab",
    "internal/gen",
    "internal/tag",
    "internal/triegen",
    "internal/ucd",
    "language",
    "secure/bidirule",
    "transform",
    "unicode/bidi",
    "unicode/cldr",
    "unicode/norm",
    "unicode/rangetable",
  ]
  pruneopts = "UT"
  revision = "f21a4dfb5e38f5895301dc265a8def02365cc3d0"
  version = "v0.3.0"

[[projects]]
  branch = "master"
  digest = "1:c3076e7defee87de1236f1814beb588f40a75544c60121e6eb38b3b3721783e2"
  name = "google.golang.org/genproto"
  packages = ["googleapis/rpc/status"]
  pruneopts = "UT"
  revision = "d831d65fe17df2e52bcc4316d4a9f7a418701f43"

[[projects]]
  branch = "master"
  digest = "1:8f4cebdb4f1e369f8ae64f7931b6722c4a05b2d3b32a01196e21ea36035878d2"
  name = "google.golang.org/grpc"
  packages = [
    ".",
    "balancer",
    "balancer/base",
    "balancer/roundrobin",
    "binarylog/grpc_binarylog_v1",
    "codes",
    "connectivity",
    "credentials",
    "credentials/internal",
    "encoding",
    "encoding/proto",
    "grpclog",
    "health/grpc_health_v1",
    "internal",
    "internal/backoff",
    "internal/binarylog",
    "internal/channelz",
    "internal/envconfig",
    "internal/grpcrand",
    "internal/grpcsync",
    "internal/syscall",
    "internal/transport",
    "keepalive",
    "metadata",
    "naming",
    "peer",
    "resolver",
    "resolver/dns",
    "resolver/passthrough",
    "stats",
    "status",
    "tap",
  ]
  pruneopts = "UT"
  revision = "f1437f7cc5fa7525032e27aa5fdc15e288220c4e"

[[projects]]
  digest = "1:1b4724d3c8125f6044925f02b485b74bfec9905cbf579d95aafd1a6c8f8447d3"
  name = "gopkg.in/go-playground/validator.v8"
  packages = ["."]
  pruneopts = "UT"
  revision = "5f57d2222ad794d0dffb07e664ea05e2ee07d60c"
  version = "v8.18.1"

[[projects]]
  digest = "1:d37c61a335d13bc49b3f90e9e13c8686e4548839b69c58549e727afb2245c454"
  name = "gopkg.in/ini.v1"
  packages = ["."]
  pruneopts = "UT"
  revision = "c85607071cf08ca1adaf48319cd1aa322e81d8c1"
  version = "v1.42.0"

[[projects]]
  digest = "1:cacb98d52c60c337c2ce95a7af83ba0313a93ce5e73fa9e99a96aff70776b9d3"
  name = "gopkg.in/yaml.v2"
  packages = ["."]
  pruneopts = "UT"
  revision = "a5b47d31c556af34a302ce5d659e6fea44d90de0"

[solve-meta]
  analyzer-name = "dep"
  analyzer-version = 1
  input-imports = [
    "github.com/casbin/casbin",
    "github.com/casbin/casbin/model",
    "github.com/dgrijalva/jwt-go",
    "github.com/gin-contrib/cors",
    "github.com/gin-gonic/gin",
    "github.com/gorilla/sessions",
    "github.com/gorilla/websocket",
    "github.com/jmoiron/sqlx",
    "github.com/lib/pq",
    "github.com/minio/minio-go",
    "github.com/minio/minio/pkg/madmin",
    "github.com/nats-io/go-nats",
    "github.com/satori/go.uuid",
    "github.com/tealeg/xlsx",
    "golang.org/x/crypto/bcrypt",
    "gopkg.in/go-playground/validator.v8",
  ]
  solver-name = "gps-cdcl"
  solver-version = 1
